<?xml version="1.0" encoding="utf-8"?>
<Project ToolsVersion="4.0" xmlns="http://schemas.microsoft.com/developer/msbuild/2003">
  <ItemGroup>
    <Filter Include="src">
      <UniqueIdentifier>{d541125b-377e-48f7-b860-b2a2d7c6ff37}</UniqueIdentifier>
    </Filter>
    <Filter Include="src\application">
      <UniqueIdentifier>{12e7328d-02b7-4424-b54e-1c856881dbf5}</UniqueIdentifier>
    </Filter>
    <Filter Include="src\scene">
      <UniqueIdentifier>{4abefc48-f3bc-40bf-bbc7-3b93d8c6457d}</UniqueIdentifier>
    </Filter>
    <Filter Include="src\raytracer">
      <UniqueIdentifier>{5f3a28f8-826f-4b75-a825-9a6c149c4de6}</UniqueIdentifier>
    </Filter>
    <Filter Include="src\math">
      <UniqueIdentifier>{213aefd6-c04c-43af-9f1e-b5a69885833a}</UniqueIdentifier>
    </Filter>
    <Filter Include="src\tinyxml">
      <UniqueIdentifier>{5225c13a-202c-4781-a921-4e7396b68c82}</UniqueIdentifier>
    </Filter>
  </ItemGroup>
  <ItemGroup>
    <ClCompile Include="..\src\application\application.cpp">
      <Filter>src\application</Filter>
    </ClCompile>
    <ClCompile Include="..\src\application\camera_roam.cpp">
      <Filter>src\application</Filter>
    </ClCompile>
    <ClCompile Include="..\src\application\imageio.cpp">
      <Filter>src\application</Filter>
    </ClCompile>
    <ClCompile Include="..\src\application\scene_loader.cpp">
      <Filter>src\application</Filter>
    </ClCompile>
    <ClCompile Include="..\src\scene\material.cpp">
      <Filter>src\scene</Filter>
    </ClCompile>
    <ClCompile Include="..\src\scene\mesh.cpp">
      <Filter>src\scene</Filter>
    </ClCompile>
    <ClCompile Include="..\src\scene\model.cpp">
      <Filter>src\scene</Filter>
    </ClCompile>
    <ClCompile Include="..\src\scene\scene.cpp">
      <Filter>src\scene</Filter>
    </ClCompile>
    <ClCompile Include="..\src\scene\sphere.cpp">
      <Filter>src\scene</Filter>
    </ClCompile>
    <ClCompile Include="..\src\scene\triangle.cpp">
      <Filter>src\scene</Filter>
    </ClCompile>
    <ClCompile Include="..\src\raytracer\main.cpp">
      <Filter>src\raytracer</Filter>
    </ClCompile>
    <ClCompile Include="..\src\raytracer\raytracer.cpp">
      <Filter>src\raytracer</Filter>
    </ClCompile>
    <ClCompile Include="..\src\math\camera.cpp">
      <Filter>src\math</Filter>
    </ClCompile>
    <ClCompile Include="..\src\math\color.cpp">
      <Filter>src\math</Filter>
    </ClCompile>
    <ClCompile Include="..\src\math\matrix.cpp">
      <Filter>src\math</Filter>
    </ClCompile>
    <ClCompile Include="..\src\math\quaternion.cpp">
      <Filter>src\math</Filter>
    </ClCompile>
    <ClCompile Include="..\src\math\vector.cpp">
      <Filter>src\math</Filter>
    </ClCompile>
    <ClCompile Include="..\src\tinyxml\tinyxml.cpp">
      <Filter>src\tinyxml</Filter>
    </ClCompile>
    <ClCompile Include="..\src\tinyxml\tinyxmlerror.cpp">
      <Filter>src\tinyxml</Filter>
    </ClCompile>
    <ClCompile Include="..\src\tinyxml\tinyxmlparser.cpp">
      <Filter>src\tinyxml</Filter>
    </ClCompile>
  </ItemGroup>
  <ItemGroup>
    <ClInclude Include="..\src\application\application.hpp">
      <Filter>src\application</Filter>
    </ClInclude>
    <ClInclude Include="..\src\application\camera_roam.hpp">
      <Filter>src\application</Filter>
    </ClInclude>
    <ClInclude Include="..\src\application\imageio.hpp">
      <Filter>src\application</Filter>
    </ClInclude>
    <ClInclude Include="..\src\application\opengl.hpp">
      <Filter>src\application</Filter>
    </ClInclude>
    <ClInclude Include="..\src\application\scene_loader.hpp">
      <Filter>src\application</Filter>
    </ClInclude>
    <ClInclude Include="..\src\scene\material.hpp">
      <Filter>src\scene</Filter>
    </ClInclude>
    <ClInclude Include="..\src\scene\mesh.hpp">
      <Filter>src\scene</Filter>
    </ClInclude>
    <ClInclude Include="..\src\scene\model.hpp">
      <Filter>src\scene</Filter>
    </ClInclude>
    <ClInclude Include="..\src\scene\scene.hpp">
      <Filter>src\scene</Filter>
    </ClInclude>
    <ClInclude Include="..\src\scene\sphere.hpp">
      <Filter>src\scene</Filter>
    </ClInclude>
    <ClInclude Include="..\src\scene\triangle.hpp">
      <Filter>src\scene</Filter>
    </ClInclude>
    <ClInclude Include="..\src\raytracer\raytracer.hpp">
      <Filter>src\raytracer</Filter>
    </ClInclude>
    <ClInclude Include="..\src\math\camera.hpp">
      <Filter>src\math</Filter>
    </ClInclude>
    <ClInclude Include="..\src\math\color.hpp">
      <Filter>src\math</Filter>
    </ClInclude>
    <ClInclude Include="..\src\math\math.hpp">
      <Filter>src\math</Filter>
    </ClInclude>
    <ClInclude Include="..\src\math\matrix.hpp">
      <Filter>src\math</Filter>
    </ClInclude>
    <ClInclude Include="..\src\math\quaternion.hpp">
      <Filter>src\math</Filter>
    </ClInclude>
    <ClInclude Include="..\src\math\vector.hpp">
      <Filter>src\math</Filter>
    </ClInclude>
    <ClInclude Include="..\src\tinyxml\tinyxml.h">
      <Filter>src\tinyxml</Filter>
    </ClInclude>
  </ItemGroup>
</Project>